// !$*UTF8*$!
{
	archiveVersion = 1;
	classes = {
	};
	objectVersion = 46;
	objects = {

/* Begin PBXBuildFile section */
		0A00BFD71AB52B9200216487 /* MPCSession.m in Sources */ = {isa = PBXBuildFile; fileRef = 0A00BFD61AB52B9200216487 /* MPCSession.m */; };
		0A2812E81AEF3103004E380B /* StoreKit.framework in Frameworks */ = {isa = PBXBuildFile; fileRef = 0A2812E71AEF3103004E380B /* StoreKit.framework */; };
		0A3687551AEF4384007FCB24 /* IAPHelper.m in Sources */ = {isa = PBXBuildFile; fileRef = 0A3687541AEF4384007FCB24 /* IAPHelper.m */; };
		0A8402D81ABBDB03003494D3 /* PlaylistViewController.m in Sources */ = {isa = PBXBuildFile; fileRef = 0A8402D71ABBDB03003494D3 /* PlaylistViewController.m */; };
		0A8402DB1ABBDB17003494D3 /* MusicPlayerViewController.m in Sources */ = {isa = PBXBuildFile; fileRef = 0A8402DA1ABBDB17003494D3 /* MusicPlayerViewController.m */; };
		0AA3EB9D1AEF49EE005A2D53 /* CXCardContainerView.m in Sources */ = {isa = PBXBuildFile; fileRef = 0AA3EB991AEF49EE005A2D53 /* CXCardContainerView.m */; };
		0AA3EB9E1AEF49EE005A2D53 /* CXCardView.m in Sources */ = {isa = PBXBuildFile; fileRef = 0AA3EB9C1AEF49EE005A2D53 /* CXCardView.m */; };
		0AA3EBA31AEF4A02005A2D53 /* AMWaveTransition.m in Sources */ = {isa = PBXBuildFile; fileRef = 0AA3EBA01AEF4A02005A2D53 /* AMWaveTransition.m */; };
		0AA3EBA41AEF4A02005A2D53 /* AMWaveViewController.m in Sources */ = {isa = PBXBuildFile; fileRef = 0AA3EBA21AEF4A02005A2D53 /* AMWaveViewController.m */; };
		0AA3EBA71AEF4A10005A2D53 /* BOZPongRefreshControl.m in Sources */ = {isa = PBXBuildFile; fileRef = 0AA3EBA61AEF4A10005A2D53 /* BOZPongRefreshControl.m */; };
		0AA3EBAA1AEF4A26005A2D53 /* UIImageEffects.m in Sources */ = {isa = PBXBuildFile; fileRef = 0AA3EBA91AEF4A26005A2D53 /* UIImageEffects.m */; };
		0AA3EBAD1AEF4A37005A2D53 /* AMPopTip.m in Sources */ = {isa = PBXBuildFile; fileRef = 0AA3EBAC1AEF4A37005A2D53 /* AMPopTip.m */; };
		0AA3EBB41AEF4B6A005A2D53 /* InformationView.m in Sources */ = {isa = PBXBuildFile; fileRef = 0AA3EBAE1AEF4B6A005A2D53 /* InformationView.m */; };
		0AA3EBB51AEF4B6A005A2D53 /* PeerCell.xib in Resources */ = {isa = PBXBuildFile; fileRef = 0AA3EBB01AEF4B6A005A2D53 /* PeerCell.xib */; };
		0AA3EBB61AEF4B6A005A2D53 /* SongCell.xib in Resources */ = {isa = PBXBuildFile; fileRef = 0AA3EBB11AEF4B6A005A2D53 /* SongCell.xib */; };
		0AA3EBB71AEF4B6A005A2D53 /* ConnectedPeerCVCell.m in Sources */ = {isa = PBXBuildFile; fileRef = 0AA3EBB31AEF4B6A005A2D53 /* ConnectedPeerCVCell.m */; };
		0AA51FE11AC65E5A00704F54 /* NSMutableArray+QueueMethods.m in Sources */ = {isa = PBXBuildFile; fileRef = 0AA51FCA1AC65E5A00704F54 /* NSMutableArray+QueueMethods.m */; };
		0AA51FE21AC65E5A00704F54 /* TDAudioFileStream.m in Sources */ = {isa = PBXBuildFile; fileRef = 0AA51FCC1AC65E5A00704F54 /* TDAudioFileStream.m */; };
		0AA51FE31AC65E5A00704F54 /* TDAudioQueue.m in Sources */ = {isa = PBXBuildFile; fileRef = 0AA51FCE1AC65E5A00704F54 /* TDAudioQueue.m */; };
		0AA51FE41AC65E5A00704F54 /* TDAudioQueueBuffer.m in Sources */ = {isa = PBXBuildFile; fileRef = 0AA51FD01AC65E5A00704F54 /* TDAudioQueueBuffer.m */; };
		0AA51FE51AC65E5A00704F54 /* TDAudioQueueBufferManager.m in Sources */ = {isa = PBXBuildFile; fileRef = 0AA51FD21AC65E5A00704F54 /* TDAudioQueueBufferManager.m */; };
		0AA51FE61AC65E5A00704F54 /* TDAudioQueueController.m in Sources */ = {isa = PBXBuildFile; fileRef = 0AA51FD41AC65E5A00704F54 /* TDAudioQueueController.m */; };
		0AA51FE71AC65E5A00704F54 /* TDAudioQueueFiller.m in Sources */ = {isa = PBXBuildFile; fileRef = 0AA51FD61AC65E5A00704F54 /* TDAudioQueueFiller.m */; };
		0AA51FE81AC65E5A00704F54 /* TDAudioStream.m in Sources */ = {isa = PBXBuildFile; fileRef = 0AA51FD81AC65E5A00704F54 /* TDAudioStream.m */; };
		0AA51FE91AC65E5A00704F54 /* TDAudioInputStreamer.m in Sources */ = {isa = PBXBuildFile; fileRef = 0AA51FDA1AC65E5A00704F54 /* TDAudioInputStreamer.m */; };
		0AA51FEA1AC65E5A00704F54 /* TDAudioOutputStreamer.m in Sources */ = {isa = PBXBuildFile; fileRef = 0AA51FDC1AC65E5A00704F54 /* TDAudioOutputStreamer.m */; };
		0AA51FEB1AC65E5A00704F54 /* TDAudioStreamerConstants.m in Sources */ = {isa = PBXBuildFile; fileRef = 0AA51FDE1AC65E5A00704F54 /* TDAudioStreamerConstants.m */; };
		0AA51FEC1AC65E5A00704F54 /* TDAudioStreamer.m in Sources */ = {isa = PBXBuildFile; fileRef = 0AA51FE01AC65E5A00704F54 /* TDAudioStreamer.m */; };
		0AB5A08B1AD05A7400AA2F46 /* KWMusicPlayer.m in Sources */ = {isa = PBXBuildFile; fileRef = 0AB5A08A1AD05A7400AA2F46 /* KWMusicPlayer.m */; };
		0AC6CE101AC1C9AF001AE449 /* MPCSessionData.m in Sources */ = {isa = PBXBuildFile; fileRef = 0AC6CE0F1AC1C9AF001AE449 /* MPCSessionData.m */; };
		0AC6CE131AC45FF5001AE449 /* SongSelectionViewController.m in Sources */ = {isa = PBXBuildFile; fileRef = 0AC6CE121AC45FF5001AE449 /* SongSelectionViewController.m */; };
		0ADB3A751AB4DB6400CF0CF9 /* main.m in Sources */ = {isa = PBXBuildFile; fileRef = 0ADB3A741AB4DB6400CF0CF9 /* main.m */; };
		0ADB3A781AB4DB6400CF0CF9 /* AppDelegate.m in Sources */ = {isa = PBXBuildFile; fileRef = 0ADB3A771AB4DB6400CF0CF9 /* AppDelegate.m */; };
		0ADB3A7B1AB4DB6400CF0CF9 /* ConnectionViewController.m in Sources */ = {isa = PBXBuildFile; fileRef = 0ADB3A7A1AB4DB6400CF0CF9 /* ConnectionViewController.m */; };
		0ADB3A7E1AB4DB6400CF0CF9 /* Main.storyboard in Resources */ = {isa = PBXBuildFile; fileRef = 0ADB3A7C1AB4DB6400CF0CF9 /* Main.storyboard */; };
		0ADB3A801AB4DB6400CF0CF9 /* Images.xcassets in Resources */ = {isa = PBXBuildFile; fileRef = 0ADB3A7F1AB4DB6400CF0CF9 /* Images.xcassets */; };
		0ADB3A831AB4DB6400CF0CF9 /* LaunchScreen.xib in Resources */ = {isa = PBXBuildFile; fileRef = 0ADB3A811AB4DB6400CF0CF9 /* LaunchScreen.xib */; };
		0ADB3A8F1AB4DB6500CF0CF9 /* Project_CloudPlayTests.m in Sources */ = {isa = PBXBuildFile; fileRef = 0ADB3A8E1AB4DB6500CF0CF9 /* Project_CloudPlayTests.m */; };
		0ADB3B521AB4EAF700CF0CF9 /* AudioToolbox.framework in Frameworks */ = {isa = PBXBuildFile; fileRef = 0ADB3B511AB4EAF700CF0CF9 /* AudioToolbox.framework */; };
		0ADB3B541AB4EAFE00CF0CF9 /* MediaPlayer.framework in Frameworks */ = {isa = PBXBuildFile; fileRef = 0ADB3B531AB4EAFE00CF0CF9 /* MediaPlayer.framework */; };
		0ADB3B561AB4EB0700CF0CF9 /* MultipeerConnectivity.framework in Frameworks */ = {isa = PBXBuildFile; fileRef = 0ADB3B551AB4EB0700CF0CF9 /* MultipeerConnectivity.framework */; };
		0ADB3B581AB4EB0E00CF0CF9 /* AVFoundation.framework in Frameworks */ = {isa = PBXBuildFile; fileRef = 0ADB3B571AB4EB0E00CF0CF9 /* AVFoundation.framework */; };
		0ADB3B5A1AB4EB1400CF0CF9 /* CoreGraphics.framework in Frameworks */ = {isa = PBXBuildFile; fileRef = 0ADB3B591AB4EB1400CF0CF9 /* CoreGraphics.framework */; };
		0ADB3B5C1AB4EB1A00CF0CF9 /* UIKit.framework in Frameworks */ = {isa = PBXBuildFile; fileRef = 0ADB3B5B1AB4EB1A00CF0CF9 /* UIKit.framework */; };
		0ADB3B5E1AB4EB2100CF0CF9 /* Foundation.framework in Frameworks */ = {isa = PBXBuildFile; fileRef = 0ADB3B5D1AB4EB2100CF0CF9 /* Foundation.framework */; };
/* End PBXBuildFile section */

/* Begin PBXContainerItemProxy section */
		0ADB3A891AB4DB6400CF0CF9 /* PBXContainerItemProxy */ = {
			isa = PBXContainerItemProxy;
			containerPortal = 0ADB3A671AB4DB6400CF0CF9 /* Project object */;
			proxyType = 1;
			remoteGlobalIDString = 0ADB3A6E1AB4DB6400CF0CF9;
			remoteInfo = "Project CloudPlay";
		};
/* End PBXContainerItemProxy section */

/* Begin PBXFileReference section */
		0A00BFD51AB52B9200216487 /* MPCSession.h */ = {isa = PBXFileReference; fileEncoding = 4; lastKnownFileType = sourcecode.c.h; name = MPCSession.h; path = "MPC Model/MPCSession.h"; sourceTree = SOURCE_ROOT; };
		0A00BFD61AB52B9200216487 /* MPCSession.m */ = {isa = PBXFileReference; fileEncoding = 4; lastKnownFileType = sourcecode.c.objc; name = MPCSession.m; path = "MPC Model/MPCSession.m"; sourceTree = SOURCE_ROOT; };
		0A2812E71AEF3103004E380B /* StoreKit.framework */ = {isa = PBXFileReference; lastKnownFileType = wrapper.framework; name = StoreKit.framework; path = System/Library/Frameworks/StoreKit.framework; sourceTree = SDKROOT; };
		0A3687531AEF4384007FCB24 /* IAPHelper.h */ = {isa = PBXFileReference; fileEncoding = 4; lastKnownFileType = sourcecode.c.h; path = IAPHelper.h; sourceTree = "<group>"; };
		0A3687541AEF4384007FCB24 /* IAPHelper.m */ = {isa = PBXFileReference; fileEncoding = 4; lastKnownFileType = sourcecode.c.objc; path = IAPHelper.m; sourceTree = "<group>"; };
		0A8402D61ABBDB03003494D3 /* PlaylistViewController.h */ = {isa = PBXFileReference; fileEncoding = 4; lastKnownFileType = sourcecode.c.h; path = PlaylistViewController.h; sourceTree = "<group>"; };
		0A8402D71ABBDB03003494D3 /* PlaylistViewController.m */ = {isa = PBXFileReference; fileEncoding = 4; lastKnownFileType = sourcecode.c.objc; path = PlaylistViewController.m; sourceTree = "<group>"; };
		0A8402D91ABBDB17003494D3 /* MusicPlayerViewController.h */ = {isa = PBXFileReference; fileEncoding = 4; lastKnownFileType = sourcecode.c.h; path = MusicPlayerViewController.h; sourceTree = "<group>"; };
		0A8402DA1ABBDB17003494D3 /* MusicPlayerViewController.m */ = {isa = PBXFileReference; fileEncoding = 4; lastKnownFileType = sourcecode.c.objc; path = MusicPlayerViewController.m; sourceTree = "<group>"; };
		0AA3EB991AEF49EE005A2D53 /* CXCardContainerView.m */ = {isa = PBXFileReference; fileEncoding = 4; lastKnownFileType = sourcecode.c.objc; name = CXCardContainerView.m; path = "3rd Party/CXCardView/CXCardContainerView.m"; sourceTree = SOURCE_ROOT; };
		0AA3EB9A1AEF49EE005A2D53 /* CXCardContainerView.h */ = {isa = PBXFileReference; fileEncoding = 4; lastKnownFileType = sourcecode.c.h; name = CXCardContainerView.h; path = "3rd Party/CXCardView/CXCardContainerView.h"; sourceTree = SOURCE_ROOT; };
		0AA3EB9B1AEF49EE005A2D53 /* CXCardView.h */ = {isa = PBXFileReference; fileEncoding = 4; lastKnownFileType = sourcecode.c.h; name = CXCardView.h; path = "3rd Party/CXCardView/CXCardView.h"; sourceTree = SOURCE_ROOT; };
		0AA3EB9C1AEF49EE005A2D53 /* CXCardView.m */ = {isa = PBXFileReference; fileEncoding = 4; lastKnownFileType = sourcecode.c.objc; name = CXCardView.m; path = "3rd Party/CXCardView/CXCardView.m"; sourceTree = SOURCE_ROOT; };
		0AA3EB9F1AEF4A02005A2D53 /* AMWaveTransition.h */ = {isa = PBXFileReference; fileEncoding = 4; lastKnownFileType = sourcecode.c.h; name = AMWaveTransition.h; path = "3rd Party/AMWaveTransition/AMWaveTransition.h"; sourceTree = SOURCE_ROOT; };
		0AA3EBA01AEF4A02005A2D53 /* AMWaveTransition.m */ = {isa = PBXFileReference; fileEncoding = 4; lastKnownFileType = sourcecode.c.objc; name = AMWaveTransition.m; path = "3rd Party/AMWaveTransition/AMWaveTransition.m"; sourceTree = SOURCE_ROOT; };
		0AA3EBA11AEF4A02005A2D53 /* AMWaveViewController.h */ = {isa = PBXFileReference; fileEncoding = 4; lastKnownFileType = sourcecode.c.h; name = AMWaveViewController.h; path = "3rd Party/AMWaveTransition/AMWaveViewController.h"; sourceTree = SOURCE_ROOT; };
		0AA3EBA21AEF4A02005A2D53 /* AMWaveViewController.m */ = {isa = PBXFileReference; fileEncoding = 4; lastKnownFileType = sourcecode.c.objc; name = AMWaveViewController.m; path = "3rd Party/AMWaveTransition/AMWaveViewController.m"; sourceTree = SOURCE_ROOT; };
		0AA3EBA51AEF4A10005A2D53 /* BOZPongRefreshControl.h */ = {isa = PBXFileReference; fileEncoding = 4; lastKnownFileType = sourcecode.c.h; name = BOZPongRefreshControl.h; path = "3rd Party/BOZPongRefreshControl/BOZPongRefreshControl.h"; sourceTree = SOURCE_ROOT; };
		0AA3EBA61AEF4A10005A2D53 /* BOZPongRefreshControl.m */ = {isa = PBXFileReference; fileEncoding = 4; lastKnownFileType = sourcecode.c.objc; name = BOZPongRefreshControl.m; path = "3rd Party/BOZPongRefreshControl/BOZPongRefreshControl.m"; sourceTree = SOURCE_ROOT; };
		0AA3EBA81AEF4A26005A2D53 /* UIImageEffects.h */ = {isa = PBXFileReference; fileEncoding = 4; lastKnownFileType = sourcecode.c.h; name = UIImageEffects.h; path = "3rd Party/UIImageEffects/UIImageEffects.h"; sourceTree = SOURCE_ROOT; };
		0AA3EBA91AEF4A26005A2D53 /* UIImageEffects.m */ = {isa = PBXFileReference; fileEncoding = 4; lastKnownFileType = sourcecode.c.objc; name = UIImageEffects.m; path = "3rd Party/UIImageEffects/UIImageEffects.m"; sourceTree = SOURCE_ROOT; };
		0AA3EBAB1AEF4A37005A2D53 /* AMPopTip.h */ = {isa = PBXFileReference; fileEncoding = 4; lastKnownFileType = sourcecode.c.h; name = AMPopTip.h; path = "3rd Party/AMPopTip/AMPopTip.h"; sourceTree = SOURCE_ROOT; };
		0AA3EBAC1AEF4A37005A2D53 /* AMPopTip.m */ = {isa = PBXFileReference; fileEncoding = 4; lastKnownFileType = sourcecode.c.objc; name = AMPopTip.m; path = "3rd Party/AMPopTip/AMPopTip.m"; sourceTree = SOURCE_ROOT; };
		0AA3EBAE1AEF4B6A005A2D53 /* InformationView.m */ = {isa = PBXFileReference; fileEncoding = 4; lastKnownFileType = sourcecode.c.objc; name = InformationView.m; path = Views/InformationView.m; sourceTree = "<group>"; };
		0AA3EBAF1AEF4B6A005A2D53 /* InformationView.h */ = {isa = PBXFileReference; fileEncoding = 4; lastKnownFileType = sourcecode.c.h; name = InformationView.h; path = Views/InformationView.h; sourceTree = "<group>"; };
		0AA3EBB01AEF4B6A005A2D53 /* PeerCell.xib */ = {isa = PBXFileReference; fileEncoding = 4; lastKnownFileType = file.xib; name = PeerCell.xib; path = Views/PeerCell.xib; sourceTree = "<group>"; };
		0AA3EBB11AEF4B6A005A2D53 /* SongCell.xib */ = {isa = PBXFileReference; fileEncoding = 4; lastKnownFileType = file.xib; name = SongCell.xib; path = Views/SongCell.xib; sourceTree = "<group>"; };
		0AA3EBB21AEF4B6A005A2D53 /* ConnectedPeerCVCell.h */ = {isa = PBXFileReference; fileEncoding = 4; lastKnownFileType = sourcecode.c.h; name = ConnectedPeerCVCell.h; path = Views/ConnectedPeerCVCell.h; sourceTree = "<group>"; };
		0AA3EBB31AEF4B6A005A2D53 /* ConnectedPeerCVCell.m */ = {isa = PBXFileReference; fileEncoding = 4; lastKnownFileType = sourcecode.c.objc; name = ConnectedPeerCVCell.m; path = Views/ConnectedPeerCVCell.m; sourceTree = "<group>"; };
		0AA51FC91AC65E5A00704F54 /* NSMutableArray+QueueMethods.h */ = {isa = PBXFileReference; fileEncoding = 4; lastKnownFileType = sourcecode.c.h; name = "NSMutableArray+QueueMethods.h"; path = "../../../TDAudioStreamer/TDAudioStreamer/AudioStreamer/Categories/NSMutableArray+QueueMethods.h"; sourceTree = "<group>"; };
		0AA51FCA1AC65E5A00704F54 /* NSMutableArray+QueueMethods.m */ = {isa = PBXFileReference; fileEncoding = 4; lastKnownFileType = sourcecode.c.objc; name = "NSMutableArray+QueueMethods.m"; path = "../../../TDAudioStreamer/TDAudioStreamer/AudioStreamer/Categories/NSMutableArray+QueueMethods.m"; sourceTree = "<group>"; };
		0AA51FCB1AC65E5A00704F54 /* TDAudioFileStream.h */ = {isa = PBXFileReference; fileEncoding = 4; lastKnownFileType = sourcecode.c.h; name = TDAudioFileStream.h; path = ../../../TDAudioStreamer/TDAudioStreamer/AudioStreamer/Classes/TDAudioFileStream.h; sourceTree = "<group>"; };
		0AA51FCC1AC65E5A00704F54 /* TDAudioFileStream.m */ = {isa = PBXFileReference; fileEncoding = 4; lastKnownFileType = sourcecode.c.objc; name = TDAudioFileStream.m; path = ../../../TDAudioStreamer/TDAudioStreamer/AudioStreamer/Classes/TDAudioFileStream.m; sourceTree = "<group>"; };
		0AA51FCD1AC65E5A00704F54 /* TDAudioQueue.h */ = {isa = PBXFileReference; fileEncoding = 4; lastKnownFileType = sourcecode.c.h; name = TDAudioQueue.h; path = ../../../TDAudioStreamer/TDAudioStreamer/AudioStreamer/Classes/TDAudioQueue.h; sourceTree = "<group>"; };
		0AA51FCE1AC65E5A00704F54 /* TDAudioQueue.m */ = {isa = PBXFileReference; fileEncoding = 4; lastKnownFileType = sourcecode.c.objc; name = TDAudioQueue.m; path = ../../../TDAudioStreamer/TDAudioStreamer/AudioStreamer/Classes/TDAudioQueue.m; sourceTree = "<group>"; };
		0AA51FCF1AC65E5A00704F54 /* TDAudioQueueBuffer.h */ = {isa = PBXFileReference; fileEncoding = 4; lastKnownFileType = sourcecode.c.h; name = TDAudioQueueBuffer.h; path = ../../../TDAudioStreamer/TDAudioStreamer/AudioStreamer/Classes/TDAudioQueueBuffer.h; sourceTree = "<group>"; };
		0AA51FD01AC65E5A00704F54 /* TDAudioQueueBuffer.m */ = {isa = PBXFileReference; fileEncoding = 4; lastKnownFileType = sourcecode.c.objc; name = TDAudioQueueBuffer.m; path = ../../../TDAudioStreamer/TDAudioStreamer/AudioStreamer/Classes/TDAudioQueueBuffer.m; sourceTree = "<group>"; };
		0AA51FD11AC65E5A00704F54 /* TDAudioQueueBufferManager.h */ = {isa = PBXFileReference; fileEncoding = 4; lastKnownFileType = sourcecode.c.h; name = TDAudioQueueBufferManager.h; path = ../../../TDAudioStreamer/TDAudioStreamer/AudioStreamer/Classes/TDAudioQueueBufferManager.h; sourceTree = "<group>"; };
		0AA51FD21AC65E5A00704F54 /* TDAudioQueueBufferManager.m */ = {isa = PBXFileReference; fileEncoding = 4; lastKnownFileType = sourcecode.c.objc; name = TDAudioQueueBufferManager.m; path = ../../../TDAudioStreamer/TDAudioStreamer/AudioStreamer/Classes/TDAudioQueueBufferManager.m; sourceTree = "<group>"; };
		0AA51FD31AC65E5A00704F54 /* TDAudioQueueController.h */ = {isa = PBXFileReference; fileEncoding = 4; lastKnownFileType = sourcecode.c.h; name = TDAudioQueueController.h; path = ../../../TDAudioStreamer/TDAudioStreamer/AudioStreamer/Classes/TDAudioQueueController.h; sourceTree = "<group>"; };
		0AA51FD41AC65E5A00704F54 /* TDAudioQueueController.m */ = {isa = PBXFileReference; fileEncoding = 4; lastKnownFileType = sourcecode.c.objc; name = TDAudioQueueController.m; path = ../../../TDAudioStreamer/TDAudioStreamer/AudioStreamer/Classes/TDAudioQueueController.m; sourceTree = "<group>"; };
		0AA51FD51AC65E5A00704F54 /* TDAudioQueueFiller.h */ = {isa = PBXFileReference; fileEncoding = 4; lastKnownFileType = sourcecode.c.h; name = TDAudioQueueFiller.h; path = ../../../TDAudioStreamer/TDAudioStreamer/AudioStreamer/Classes/TDAudioQueueFiller.h; sourceTree = "<group>"; };
		0AA51FD61AC65E5A00704F54 /* TDAudioQueueFiller.m */ = {isa = PBXFileReference; fileEncoding = 4; lastKnownFileType = sourcecode.c.objc; name = TDAudioQueueFiller.m; path = ../../../TDAudioStreamer/TDAudioStreamer/AudioStreamer/Classes/TDAudioQueueFiller.m; sourceTree = "<group>"; };
		0AA51FD71AC65E5A00704F54 /* TDAudioStream.h */ = {isa = PBXFileReference; fileEncoding = 4; lastKnownFileType = sourcecode.c.h; name = TDAudioStream.h; path = ../../../TDAudioStreamer/TDAudioStreamer/AudioStreamer/Classes/TDAudioStream.h; sourceTree = "<group>"; };
		0AA51FD81AC65E5A00704F54 /* TDAudioStream.m */ = {isa = PBXFileReference; fileEncoding = 4; lastKnownFileType = sourcecode.c.objc; name = TDAudioStream.m; path = ../../../TDAudioStreamer/TDAudioStreamer/AudioStreamer/Classes/TDAudioStream.m; sourceTree = "<group>"; };
		0AA51FD91AC65E5A00704F54 /* TDAudioInputStreamer.h */ = {isa = PBXFileReference; fileEncoding = 4; lastKnownFileType = sourcecode.c.h; name = TDAudioInputStreamer.h; path = ../../../TDAudioStreamer/TDAudioStreamer/AudioStreamer/TDAudioInputStreamer.h; sourceTree = "<group>"; };
		0AA51FDA1AC65E5A00704F54 /* TDAudioInputStreamer.m */ = {isa = PBXFileReference; fileEncoding = 4; lastKnownFileType = sourcecode.c.objc; name = TDAudioInputStreamer.m; path = ../../../TDAudioStreamer/TDAudioStreamer/AudioStreamer/TDAudioInputStreamer.m; sourceTree = "<group>"; };
		0AA51FDB1AC65E5A00704F54 /* TDAudioOutputStreamer.h */ = {isa = PBXFileReference; fileEncoding = 4; lastKnownFileType = sourcecode.c.h; name = TDAudioOutputStreamer.h; path = ../../../TDAudioStreamer/TDAudioStreamer/AudioStreamer/TDAudioOutputStreamer.h; sourceTree = "<group>"; };
		0AA51FDC1AC65E5A00704F54 /* TDAudioOutputStreamer.m */ = {isa = PBXFileReference; fileEncoding = 4; lastKnownFileType = sourcecode.c.objc; name = TDAudioOutputStreamer.m; path = ../../../TDAudioStreamer/TDAudioStreamer/AudioStreamer/TDAudioOutputStreamer.m; sourceTree = "<group>"; };
		0AA51FDD1AC65E5A00704F54 /* TDAudioStreamerConstants.h */ = {isa = PBXFileReference; fileEncoding = 4; lastKnownFileType = sourcecode.c.h; name = TDAudioStreamerConstants.h; path = ../../../TDAudioStreamer/TDAudioStreamer/AudioStreamer/TDAudioStreamerConstants.h; sourceTree = "<group>"; };
		0AA51FDE1AC65E5A00704F54 /* TDAudioStreamerConstants.m */ = {isa = PBXFileReference; fileEncoding = 4; lastKnownFileType = sourcecode.c.objc; name = TDAudioStreamerConstants.m; path = ../../../TDAudioStreamer/TDAudioStreamer/AudioStreamer/TDAudioStreamerConstants.m; sourceTree = "<group>"; };
		0AA51FDF1AC65E5A00704F54 /* TDAudioStreamer.h */ = {isa = PBXFileReference; fileEncoding = 4; lastKnownFileType = sourcecode.c.h; name = TDAudioStreamer.h; path = ../../../TDAudioStreamer/TDAudioStreamer/AudioStreamer/TDAudioStreamer.h; sourceTree = "<group>"; };
		0AA51FE01AC65E5A00704F54 /* TDAudioStreamer.m */ = {isa = PBXFileReference; fileEncoding = 4; lastKnownFileType = sourcecode.c.objc; name = TDAudioStreamer.m; path = ../../../TDAudioStreamer/TDAudioStreamer/AudioStreamer/TDAudioStreamer.m; sourceTree = "<group>"; };
		0AB5A0891AD05A7400AA2F46 /* KWMusicPlayer.h */ = {isa = PBXFileReference; fileEncoding = 4; lastKnownFileType = sourcecode.c.h; name = KWMusicPlayer.h; path = ../../../TDAudioStreamer/TDAudioStreamer/AudioStreamer/Classes/KWMusicPlayer.h; sourceTree = "<group>"; };
		0AB5A08A1AD05A7400AA2F46 /* KWMusicPlayer.m */ = {isa = PBXFileReference; fileEncoding = 4; lastKnownFileType = sourcecode.c.objc; name = KWMusicPlayer.m; path = ../../../TDAudioStreamer/TDAudioStreamer/AudioStreamer/Classes/KWMusicPlayer.m; sourceTree = "<group>"; };
		0AC6CE0E1AC1C9AF001AE449 /* MPCSessionData.h */ = {isa = PBXFileReference; fileEncoding = 4; lastKnownFileType = sourcecode.c.h; path = MPCSessionData.h; sourceTree = "<group>"; };
		0AC6CE0F1AC1C9AF001AE449 /* MPCSessionData.m */ = {isa = PBXFileReference; fileEncoding = 4; lastKnownFileType = sourcecode.c.objc; path = MPCSessionData.m; sourceTree = "<group>"; };
		0AC6CE111AC45FF5001AE449 /* SongSelectionViewController.h */ = {isa = PBXFileReference; fileEncoding = 4; lastKnownFileType = sourcecode.c.h; path = SongSelectionViewController.h; sourceTree = "<group>"; };
		0AC6CE121AC45FF5001AE449 /* SongSelectionViewController.m */ = {isa = PBXFileReference; fileEncoding = 4; lastKnownFileType = sourcecode.c.objc; path = SongSelectionViewController.m; sourceTree = "<group>"; };
		0ADB3A6F1AB4DB6400CF0CF9 /* Project CloudPlay.app */ = {isa = PBXFileReference; explicitFileType = wrapper.application; includeInIndex = 0; path = "Project CloudPlay.app"; sourceTree = BUILT_PRODUCTS_DIR; };
		0ADB3A731AB4DB6400CF0CF9 /* Info.plist */ = {isa = PBXFileReference; lastKnownFileType = text.plist.xml; path = Info.plist; sourceTree = "<group>"; };
		0ADB3A741AB4DB6400CF0CF9 /* main.m */ = {isa = PBXFileReference; lastKnownFileType = sourcecode.c.objc; path = main.m; sourceTree = "<group>"; };
		0ADB3A761AB4DB6400CF0CF9 /* AppDelegate.h */ = {isa = PBXFileReference; lastKnownFileType = sourcecode.c.h; path = AppDelegate.h; sourceTree = "<group>"; };
		0ADB3A771AB4DB6400CF0CF9 /* AppDelegate.m */ = {isa = PBXFileReference; lastKnownFileType = sourcecode.c.objc; path = AppDelegate.m; sourceTree = "<group>"; };
		0ADB3A791AB4DB6400CF0CF9 /* ConnectionViewController.h */ = {isa = PBXFileReference; lastKnownFileType = sourcecode.c.h; path = ConnectionViewController.h; sourceTree = "<group>"; };
		0ADB3A7A1AB4DB6400CF0CF9 /* ConnectionViewController.m */ = {isa = PBXFileReference; lastKnownFileType = sourcecode.c.objc; path = ConnectionViewController.m; sourceTree = "<group>"; };
		0ADB3A7D1AB4DB6400CF0CF9 /* Base */ = {isa = PBXFileReference; lastKnownFileType = file.storyboard; name = Base; path = Base.lproj/Main.storyboard; sourceTree = "<group>"; };
		0ADB3A7F1AB4DB6400CF0CF9 /* Images.xcassets */ = {isa = PBXFileReference; lastKnownFileType = folder.assetcatalog; path = Images.xcassets; sourceTree = "<group>"; };
		0ADB3A821AB4DB6400CF0CF9 /* Base */ = {isa = PBXFileReference; lastKnownFileType = file.xib; name = Base; path = Base.lproj/LaunchScreen.xib; sourceTree = "<group>"; };
		0ADB3A881AB4DB6400CF0CF9 /* Project CloudPlayTests.xctest */ = {isa = PBXFileReference; explicitFileType = wrapper.cfbundle; includeInIndex = 0; path = "Project CloudPlayTests.xctest"; sourceTree = BUILT_PRODUCTS_DIR; };
		0ADB3A8D1AB4DB6500CF0CF9 /* Info.plist */ = {isa = PBXFileReference; lastKnownFileType = text.plist.xml; path = Info.plist; sourceTree = "<group>"; };
		0ADB3A8E1AB4DB6500CF0CF9 /* Project_CloudPlayTests.m */ = {isa = PBXFileReference; lastKnownFileType = sourcecode.c.objc; path = Project_CloudPlayTests.m; sourceTree = "<group>"; };
		0ADB3B511AB4EAF700CF0CF9 /* AudioToolbox.framework */ = {isa = PBXFileReference; lastKnownFileType = wrapper.framework; name = AudioToolbox.framework; path = System/Library/Frameworks/AudioToolbox.framework; sourceTree = SDKROOT; };
		0ADB3B531AB4EAFE00CF0CF9 /* MediaPlayer.framework */ = {isa = PBXFileReference; lastKnownFileType = wrapper.framework; name = MediaPlayer.framework; path = System/Library/Frameworks/MediaPlayer.framework; sourceTree = SDKROOT; };
		0ADB3B551AB4EB0700CF0CF9 /* MultipeerConnectivity.framework */ = {isa = PBXFileReference; lastKnownFileType = wrapper.framework; name = MultipeerConnectivity.framework; path = System/Library/Frameworks/MultipeerConnectivity.framework; sourceTree = SDKROOT; };
		0ADB3B571AB4EB0E00CF0CF9 /* AVFoundation.framework */ = {isa = PBXFileReference; lastKnownFileType = wrapper.framework; name = AVFoundation.framework; path = System/Library/Frameworks/AVFoundation.framework; sourceTree = SDKROOT; };
		0ADB3B591AB4EB1400CF0CF9 /* CoreGraphics.framework */ = {isa = PBXFileReference; lastKnownFileType = wrapper.framework; name = CoreGraphics.framework; path = System/Library/Frameworks/CoreGraphics.framework; sourceTree = SDKROOT; };
		0ADB3B5B1AB4EB1A00CF0CF9 /* UIKit.framework */ = {isa = PBXFileReference; lastKnownFileType = wrapper.framework; name = UIKit.framework; path = System/Library/Frameworks/UIKit.framework; sourceTree = SDKROOT; };
		0ADB3B5D1AB4EB2100CF0CF9 /* Foundation.framework */ = {isa = PBXFileReference; lastKnownFileType = wrapper.framework; name = Foundation.framework; path = System/Library/Frameworks/Foundation.framework; sourceTree = SDKROOT; };
/* End PBXFileReference section */

/* Begin PBXFrameworksBuildPhase section */
		0ADB3A6C1AB4DB6400CF0CF9 /* Frameworks */ = {
			isa = PBXFrameworksBuildPhase;
			buildActionMask = 2147483647;
			files = (
				0A2812E81AEF3103004E380B /* StoreKit.framework in Frameworks */,
				0ADB3B5E1AB4EB2100CF0CF9 /* Foundation.framework in Frameworks */,
				0ADB3B5C1AB4EB1A00CF0CF9 /* UIKit.framework in Frameworks */,
				0ADB3B5A1AB4EB1400CF0CF9 /* CoreGraphics.framework in Frameworks */,
				0ADB3B581AB4EB0E00CF0CF9 /* AVFoundation.framework in Frameworks */,
				0ADB3B561AB4EB0700CF0CF9 /* MultipeerConnectivity.framework in Frameworks */,
				0ADB3B541AB4EAFE00CF0CF9 /* MediaPlayer.framework in Frameworks */,
				0ADB3B521AB4EAF700CF0CF9 /* AudioToolbox.framework in Frameworks */,
			);
			runOnlyForDeploymentPostprocessing = 0;
		};
		0ADB3A851AB4DB6400CF0CF9 /* Frameworks */ = {
			isa = PBXFrameworksBuildPhase;
			buildActionMask = 2147483647;
			files = (
			);
			runOnlyForDeploymentPostprocessing = 0;
		};
/* End PBXFrameworksBuildPhase section */

/* Begin PBXGroup section */
		0A2080B61AE1D5290088D53E /* CXCardView */ = {
			isa = PBXGroup;
			children = (
				0AA3EB991AEF49EE005A2D53 /* CXCardContainerView.m */,
				0AA3EB9A1AEF49EE005A2D53 /* CXCardContainerView.h */,
				0AA3EB9B1AEF49EE005A2D53 /* CXCardView.h */,
				0AA3EB9C1AEF49EE005A2D53 /* CXCardView.m */,
			);
			name = CXCardView;
			path = "../3rd Party/CXCardView/CXCardView";
			sourceTree = "<group>";
		};
		0A2812E91AEF31DF004E380B /* 3rd Party */ = {
			isa = PBXGroup;
			children = (
				0A2080B61AE1D5290088D53E /* CXCardView */,
				0A7219F21AD219E000C4F77D /* UIImageEffects */,
				0AB5A08C1AD105F300AA2F46 /* AMPopTip */,
				0A30461B1ACDC2640047BE19 /* AMWaveTransition */,
				0A4233291ACF81E600ED82E6 /* BOZPongRefreshControl */,
				0AA51FC81AC65E1600704F54 /* TDAS Library */,
			);
			name = "3rd Party";
			sourceTree = "<group>";
		};
		0A30461B1ACDC2640047BE19 /* AMWaveTransition */ = {
			isa = PBXGroup;
			children = (
				0AA3EB9F1AEF4A02005A2D53 /* AMWaveTransition.h */,
				0AA3EBA01AEF4A02005A2D53 /* AMWaveTransition.m */,
				0AA3EBA11AEF4A02005A2D53 /* AMWaveViewController.h */,
				0AA3EBA21AEF4A02005A2D53 /* AMWaveViewController.m */,
			);
			name = AMWaveTransition;
			path = "../3rd Party/AMWaveTransition/AMWaveTransition";
			sourceTree = "<group>";
		};
		0A4233291ACF81E600ED82E6 /* BOZPongRefreshControl */ = {
			isa = PBXGroup;
			children = (
				0AA3EBA51AEF4A10005A2D53 /* BOZPongRefreshControl.h */,
				0AA3EBA61AEF4A10005A2D53 /* BOZPongRefreshControl.m */,
			);
			name = BOZPongRefreshControl;
			path = "../3rd Party/BOZPongRefreshControl/BOZPongRefreshControl";
			sourceTree = "<group>";
		};
		0A5AB3FC1AB91B23003DD934 /* View Controllers */ = {
			isa = PBXGroup;
			children = (
				0ADB3A791AB4DB6400CF0CF9 /* ConnectionViewController.h */,
				0ADB3A7A1AB4DB6400CF0CF9 /* ConnectionViewController.m */,
				0AC6CE111AC45FF5001AE449 /* SongSelectionViewController.h */,
				0AC6CE121AC45FF5001AE449 /* SongSelectionViewController.m */,
				0A8402D61ABBDB03003494D3 /* PlaylistViewController.h */,
				0A8402D71ABBDB03003494D3 /* PlaylistViewController.m */,
				0A8402D91ABBDB17003494D3 /* MusicPlayerViewController.h */,
				0A8402DA1ABBDB17003494D3 /* MusicPlayerViewController.m */,
			);
			name = "View Controllers";
			sourceTree = "<group>";
		};
		0A5AB4011AB93022003DD934 /* Models */ = {
			isa = PBXGroup;
			children = (
				0ADB3B611AB4ECB900CF0CF9 /* MPC Model */,
				0AB5A0891AD05A7400AA2F46 /* KWMusicPlayer.h */,
				0AB5A08A1AD05A7400AA2F46 /* KWMusicPlayer.m */,
				0A3687531AEF4384007FCB24 /* IAPHelper.h */,
				0A3687541AEF4384007FCB24 /* IAPHelper.m */,
			);
			name = Models;
			sourceTree = "<group>";
		};
		0A7219F21AD219E000C4F77D /* UIImageEffects */ = {
			isa = PBXGroup;
			children = (
				0AA3EBA81AEF4A26005A2D53 /* UIImageEffects.h */,
				0AA3EBA91AEF4A26005A2D53 /* UIImageEffects.m */,
			);
			name = UIImageEffects;
			path = "../3rd Party/UIImageEffects/UIImageEffects";
			sourceTree = "<group>";
		};
		0AA51FC81AC65E1600704F54 /* TDAS Library */ = {
			isa = PBXGroup;
			children = (
				0AA51FC91AC65E5A00704F54 /* NSMutableArray+QueueMethods.h */,
				0AA51FCA1AC65E5A00704F54 /* NSMutableArray+QueueMethods.m */,
				0AA51FCB1AC65E5A00704F54 /* TDAudioFileStream.h */,
				0AA51FCC1AC65E5A00704F54 /* TDAudioFileStream.m */,
				0AA51FCD1AC65E5A00704F54 /* TDAudioQueue.h */,
				0AA51FCE1AC65E5A00704F54 /* TDAudioQueue.m */,
				0AA51FCF1AC65E5A00704F54 /* TDAudioQueueBuffer.h */,
				0AA51FD01AC65E5A00704F54 /* TDAudioQueueBuffer.m */,
				0AA51FD11AC65E5A00704F54 /* TDAudioQueueBufferManager.h */,
				0AA51FD21AC65E5A00704F54 /* TDAudioQueueBufferManager.m */,
				0AA51FD31AC65E5A00704F54 /* TDAudioQueueController.h */,
				0AA51FD41AC65E5A00704F54 /* TDAudioQueueController.m */,
				0AA51FD51AC65E5A00704F54 /* TDAudioQueueFiller.h */,
				0AA51FD61AC65E5A00704F54 /* TDAudioQueueFiller.m */,
				0AA51FD71AC65E5A00704F54 /* TDAudioStream.h */,
				0AA51FD81AC65E5A00704F54 /* TDAudioStream.m */,
				0AA51FD91AC65E5A00704F54 /* TDAudioInputStreamer.h */,
				0AA51FDA1AC65E5A00704F54 /* TDAudioInputStreamer.m */,
				0AA51FDB1AC65E5A00704F54 /* TDAudioOutputStreamer.h */,
				0AA51FDC1AC65E5A00704F54 /* TDAudioOutputStreamer.m */,
				0AA51FDD1AC65E5A00704F54 /* TDAudioStreamerConstants.h */,
				0AA51FDE1AC65E5A00704F54 /* TDAudioStreamerConstants.m */,
				0AA51FDF1AC65E5A00704F54 /* TDAudioStreamer.h */,
				0AA51FE01AC65E5A00704F54 /* TDAudioStreamer.m */,
			);
			name = "TDAS Library";
			sourceTree = "<group>";
		};
		0AB5A08C1AD105F300AA2F46 /* AMPopTip */ = {
			isa = PBXGroup;
			children = (
				0AA3EBAB1AEF4A37005A2D53 /* AMPopTip.h */,
				0AA3EBAC1AEF4A37005A2D53 /* AMPopTip.m */,
			);
			name = AMPopTip;
			path = "../3rd Party/AMPopTip/AMPopTip";
			sourceTree = "<group>";
		};
		0ADB3A661AB4DB6400CF0CF9 = {
			isa = PBXGroup;
			children = (
				0ADB3A711AB4DB6400CF0CF9 /* Project CloudPlay */,
				0ADB3A8B1AB4DB6400CF0CF9 /* Project CloudPlayTests */,
				0ADB3A701AB4DB6400CF0CF9 /* Products */,
				0ADB3B5F1AB4EB6D00CF0CF9 /* Frameworks */,
			);
			sourceTree = "<group>";
		};
		0ADB3A701AB4DB6400CF0CF9 /* Products */ = {
			isa = PBXGroup;
			children = (
				0ADB3A6F1AB4DB6400CF0CF9 /* Project CloudPlay.app */,
				0ADB3A881AB4DB6400CF0CF9 /* Project CloudPlayTests.xctest */,
			);
			name = Products;
			sourceTree = "<group>";
		};
		0ADB3A711AB4DB6400CF0CF9 /* Project CloudPlay */ = {
			isa = PBXGroup;
			children = (
				0A2812E91AEF31DF004E380B /* 3rd Party */,
				0AE6C2DA1AB7C68C004E6D44 /* Views */,
				0ADB3A761AB4DB6400CF0CF9 /* AppDelegate.h */,
				0ADB3A771AB4DB6400CF0CF9 /* AppDelegate.m */,
				0A5AB4011AB93022003DD934 /* Models */,
				0A5AB3FC1AB91B23003DD934 /* View Controllers */,
				0ADB3A7C1AB4DB6400CF0CF9 /* Main.storyboard */,
				0ADB3A7F1AB4DB6400CF0CF9 /* Images.xcassets */,
				0ADB3A811AB4DB6400CF0CF9 /* LaunchScreen.xib */,
				0ADB3A721AB4DB6400CF0CF9 /* Supporting Files */,
			);
			path = "Project CloudPlay";
			sourceTree = "<group>";
		};
		0ADB3A721AB4DB6400CF0CF9 /* Supporting Files */ = {
			isa = PBXGroup;
			children = (
				0ADB3A731AB4DB6400CF0CF9 /* Info.plist */,
				0ADB3A741AB4DB6400CF0CF9 /* main.m */,
			);
			name = "Supporting Files";
			sourceTree = "<group>";
		};
		0ADB3A8B1AB4DB6400CF0CF9 /* Project CloudPlayTests */ = {
			isa = PBXGroup;
			children = (
				0ADB3A8E1AB4DB6500CF0CF9 /* Project_CloudPlayTests.m */,
				0ADB3A8C1AB4DB6400CF0CF9 /* Supporting Files */,
			);
			path = "Project CloudPlayTests";
			sourceTree = "<group>";
		};
		0ADB3A8C1AB4DB6400CF0CF9 /* Supporting Files */ = {
			isa = PBXGroup;
			children = (
				0ADB3A8D1AB4DB6500CF0CF9 /* Info.plist */,
			);
			name = "Supporting Files";
			sourceTree = "<group>";
		};
		0ADB3B5F1AB4EB6D00CF0CF9 /* Frameworks */ = {
			isa = PBXGroup;
			children = (
				0A2812E71AEF3103004E380B /* StoreKit.framework */,
				0ADB3B5D1AB4EB2100CF0CF9 /* Foundation.framework */,
				0ADB3B5B1AB4EB1A00CF0CF9 /* UIKit.framework */,
				0ADB3B591AB4EB1400CF0CF9 /* CoreGraphics.framework */,
				0ADB3B571AB4EB0E00CF0CF9 /* AVFoundation.framework */,
				0ADB3B551AB4EB0700CF0CF9 /* MultipeerConnectivity.framework */,
				0ADB3B531AB4EAFE00CF0CF9 /* MediaPlayer.framework */,
				0ADB3B511AB4EAF700CF0CF9 /* AudioToolbox.framework */,
			);
			name = Frameworks;
			sourceTree = "<group>";
		};
		0ADB3B611AB4ECB900CF0CF9 /* MPC Model */ = {
			isa = PBXGroup;
			children = (
				0A00BFD51AB52B9200216487 /* MPCSession.h */,
				0A00BFD61AB52B9200216487 /* MPCSession.m */,
				0AC6CE0E1AC1C9AF001AE449 /* MPCSessionData.h */,
				0AC6CE0F1AC1C9AF001AE449 /* MPCSessionData.m */,
			);
			name = "MPC Model";
			path = ../Classes;
			sourceTree = "<group>";
		};
		0AE6C2DA1AB7C68C004E6D44 /* Views */ = {
			isa = PBXGroup;
			children = (
				0AA3EBAE1AEF4B6A005A2D53 /* InformationView.m */,
				0AA3EBAF1AEF4B6A005A2D53 /* InformationView.h */,
				0AA3EBB01AEF4B6A005A2D53 /* PeerCell.xib */,
				0AA3EBB11AEF4B6A005A2D53 /* SongCell.xib */,
				0AA3EBB21AEF4B6A005A2D53 /* ConnectedPeerCVCell.h */,
				0AA3EBB31AEF4B6A005A2D53 /* ConnectedPeerCVCell.m */,
			);
			name = Views;
			sourceTree = "<group>";
		};
/* End PBXGroup section */

/* Begin PBXNativeTarget section */
		0ADB3A6E1AB4DB6400CF0CF9 /* Project CloudPlay */ = {
			isa = PBXNativeTarget;
			buildConfigurationList = 0ADB3A921AB4DB6500CF0CF9 /* Build configuration list for PBXNativeTarget "Project CloudPlay" */;
			buildPhases = (
				0ADB3A6B1AB4DB6400CF0CF9 /* Sources */,
				0ADB3A6C1AB4DB6400CF0CF9 /* Frameworks */,
				0ADB3A6D1AB4DB6400CF0CF9 /* Resources */,
			);
			buildRules = (
			);
			dependencies = (
			);
			name = "Project CloudPlay";
			productName = "Project CloudPlay";
			productReference = 0ADB3A6F1AB4DB6400CF0CF9 /* Project CloudPlay.app */;
			productType = "com.apple.product-type.application";
		};
		0ADB3A871AB4DB6400CF0CF9 /* Project CloudPlayTests */ = {
			isa = PBXNativeTarget;
			buildConfigurationList = 0ADB3A951AB4DB6500CF0CF9 /* Build configuration list for PBXNativeTarget "Project CloudPlayTests" */;
			buildPhases = (
				0ADB3A841AB4DB6400CF0CF9 /* Sources */,
				0ADB3A851AB4DB6400CF0CF9 /* Frameworks */,
				0ADB3A861AB4DB6400CF0CF9 /* Resources */,
			);
			buildRules = (
			);
			dependencies = (
				0ADB3A8A1AB4DB6400CF0CF9 /* PBXTargetDependency */,
			);
			name = "Project CloudPlayTests";
			productName = "Project CloudPlayTests";
			productReference = 0ADB3A881AB4DB6400CF0CF9 /* Project CloudPlayTests.xctest */;
			productType = "com.apple.product-type.bundle.unit-test";
		};
/* End PBXNativeTarget section */

/* Begin PBXProject section */
		0ADB3A671AB4DB6400CF0CF9 /* Project object */ = {
			isa = PBXProject;
			attributes = {
				LastUpgradeCheck = 0630;
				ORGANIZATIONNAME = "Kevin Wang";
				TargetAttributes = {
					0ADB3A6E1AB4DB6400CF0CF9 = {
						CreatedOnToolsVersion = 6.2;
						DevelopmentTeam = BMRR84DU62;
					};
					0ADB3A871AB4DB6400CF0CF9 = {
						CreatedOnToolsVersion = 6.2;
						TestTargetID = 0ADB3A6E1AB4DB6400CF0CF9;
					};
				};
			};
			buildConfigurationList = 0ADB3A6A1AB4DB6400CF0CF9 /* Build configuration list for PBXProject "Project CloudPlay" */;
			compatibilityVersion = "Xcode 3.2";
			developmentRegion = English;
			hasScannedForEncodings = 0;
			knownRegions = (
				en,
				Base,
			);
			mainGroup = 0ADB3A661AB4DB6400CF0CF9;
			productRefGroup = 0ADB3A701AB4DB6400CF0CF9 /* Products */;
			projectDirPath = "";
			projectRoot = "";
			targets = (
				0ADB3A6E1AB4DB6400CF0CF9 /* Project CloudPlay */,
				0ADB3A871AB4DB6400CF0CF9 /* Project CloudPlayTests */,
			);
		};
/* End PBXProject section */

/* Begin PBXResourcesBuildPhase section */
		0ADB3A6D1AB4DB6400CF0CF9 /* Resources */ = {
			isa = PBXResourcesBuildPhase;
			buildActionMask = 2147483647;
			files = (
				0ADB3A7E1AB4DB6400CF0CF9 /* Main.storyboard in Resources */,
				0AA3EBB61AEF4B6A005A2D53 /* SongCell.xib in Resources */,
				0AA3EBB51AEF4B6A005A2D53 /* PeerCell.xib in Resources */,
				0ADB3A831AB4DB6400CF0CF9 /* LaunchScreen.xib in Resources */,
				0ADB3A801AB4DB6400CF0CF9 /* Images.xcassets in Resources */,
			);
			runOnlyForDeploymentPostprocessing = 0;
		};
		0ADB3A861AB4DB6400CF0CF9 /* Resources */ = {
			isa = PBXResourcesBuildPhase;
			buildActionMask = 2147483647;
			files = (
			);
			runOnlyForDeploymentPostprocessing = 0;
		};
/* End PBXResourcesBuildPhase section */

/* Begin PBXSourcesBuildPhase section */
		0ADB3A6B1AB4DB6400CF0CF9 /* Sources */ = {
			isa = PBXSourcesBuildPhase;
			buildActionMask = 2147483647;
			files = (
				0AA51FE81AC65E5A00704F54 /* TDAudioStream.m in Sources */,
				0AA51FE21AC65E5A00704F54 /* TDAudioFileStream.m in Sources */,
				0AA51FEC1AC65E5A00704F54 /* TDAudioStreamer.m in Sources */,
				0ADB3A7B1AB4DB6400CF0CF9 /* ConnectionViewController.m in Sources */,
				0AA3EBA41AEF4A02005A2D53 /* AMWaveViewController.m in Sources */,
				0AA3EB9D1AEF49EE005A2D53 /* CXCardContainerView.m in Sources */,
				0A3687551AEF4384007FCB24 /* IAPHelper.m in Sources */,
				0ADB3A781AB4DB6400CF0CF9 /* AppDelegate.m in Sources */,
				0AA3EBA31AEF4A02005A2D53 /* AMWaveTransition.m in Sources */,
				0A8402D81ABBDB03003494D3 /* PlaylistViewController.m in Sources */,
				0AC6CE131AC45FF5001AE449 /* SongSelectionViewController.m in Sources */,
				0AC6CE101AC1C9AF001AE449 /* MPCSessionData.m in Sources */,
				0A00BFD71AB52B9200216487 /* MPCSession.m in Sources */,
				0AA3EB9E1AEF49EE005A2D53 /* CXCardView.m in Sources */,
				0AA3EBB71AEF4B6A005A2D53 /* ConnectedPeerCVCell.m in Sources */,
				0AA3EBAD1AEF4A37005A2D53 /* AMPopTip.m in Sources */,
				0AA51FE11AC65E5A00704F54 /* NSMutableArray+QueueMethods.m in Sources */,
				0AA3EBAA1AEF4A26005A2D53 /* UIImageEffects.m in Sources */,
				0AA51FEA1AC65E5A00704F54 /* TDAudioOutputStreamer.m in Sources */,
				0AA51FE61AC65E5A00704F54 /* TDAudioQueueController.m in Sources */,
				0AA51FE41AC65E5A00704F54 /* TDAudioQueueBuffer.m in Sources */,
				0A8402DB1ABBDB17003494D3 /* MusicPlayerViewController.m in Sources */,
				0AA51FE31AC65E5A00704F54 /* TDAudioQueue.m in Sources */,
				0ADB3A751AB4DB6400CF0CF9 /* main.m in Sources */,
				0AA51FE71AC65E5A00704F54 /* TDAudioQueueFiller.m in Sources */,
				0AB5A08B1AD05A7400AA2F46 /* KWMusicPlayer.m in Sources */,
				0AA3EBA71AEF4A10005A2D53 /* BOZPongRefreshControl.m in Sources */,
				0AA51FEB1AC65E5A00704F54 /* TDAudioStreamerConstants.m in Sources */,
				0AA3EBB41AEF4B6A005A2D53 /* InformationView.m in Sources */,
				0AA51FE51AC65E5A00704F54 /* TDAudioQueueBufferManager.m in Sources */,
				0AA51FE91AC65E5A00704F54 /* TDAudioInputStreamer.m in Sources */,
			);
			runOnlyForDeploymentPostprocessing = 0;
		};
		0ADB3A841AB4DB6400CF0CF9 /* Sources */ = {
			isa = PBXSourcesBuildPhase;
			buildActionMask = 2147483647;
			files = (
				0ADB3A8F1AB4DB6500CF0CF9 /* Project_CloudPlayTests.m in Sources */,
			);
			runOnlyForDeploymentPostprocessing = 0;
		};
/* End PBXSourcesBuildPhase section */

/* Begin PBXTargetDependency section */
		0ADB3A8A1AB4DB6400CF0CF9 /* PBXTargetDependency */ = {
			isa = PBXTargetDependency;
			target = 0ADB3A6E1AB4DB6400CF0CF9 /* Project CloudPlay */;
			targetProxy = 0ADB3A891AB4DB6400CF0CF9 /* PBXContainerItemProxy */;
		};
/* End PBXTargetDependency section */

/* Begin PBXVariantGroup section */
		0ADB3A7C1AB4DB6400CF0CF9 /* Main.storyboard */ = {
			isa = PBXVariantGroup;
			children = (
				0ADB3A7D1AB4DB6400CF0CF9 /* Base */,
			);
			name = Main.storyboard;
			sourceTree = "<group>";
		};
		0ADB3A811AB4DB6400CF0CF9 /* LaunchScreen.xib */ = {
			isa = PBXVariantGroup;
			children = (
				0ADB3A821AB4DB6400CF0CF9 /* Base */,
			);
			name = LaunchScreen.xib;
			sourceTree = "<group>";
		};
/* End PBXVariantGroup section */

/* Begin XCBuildConfiguration section */
		0ADB3A901AB4DB6500CF0CF9 /* Debug */ = {
			isa = XCBuildConfiguration;
			buildSettings = {
				ALWAYS_SEARCH_USER_PATHS = NO;
				CLANG_CXX_LANGUAGE_STANDARD = "gnu++0x";
				CLANG_CXX_LIBRARY = "libc++";
				CLANG_ENABLE_MODULES = YES;
				CLANG_ENABLE_OBJC_ARC = YES;
				CLANG_WARN_BOOL_CONVERSION = YES;
				CLANG_WARN_CONSTANT_CONVERSION = YES;
				CLANG_WARN_DIRECT_OBJC_ISA_USAGE = YES_ERROR;
				CLANG_WARN_EMPTY_BODY = YES;
				CLANG_WARN_ENUM_CONVERSION = YES;
				CLANG_WARN_INT_CONVERSION = YES;
				CLANG_WARN_OBJC_ROOT_CLASS = YES_ERROR;
				CLANG_WARN_UNREACHABLE_CODE = YES;
				CLANG_WARN__DUPLICATE_METHOD_MATCH = YES;
				"CODE_SIGN_IDENTITY[sdk=iphoneos*]" = "iPhone Developer";
				COPY_PHASE_STRIP = NO;
				ENABLE_STRICT_OBJC_MSGSEND = YES;
				GCC_C_LANGUAGE_STANDARD = gnu99;
				GCC_DYNAMIC_NO_PIC = NO;
				GCC_OPTIMIZATION_LEVEL = 0;
				GCC_PREPROCESSOR_DEFINITIONS = (
					"DEBUG=1",
					"$(inherited)",
				);
				GCC_SYMBOLS_PRIVATE_EXTERN = NO;
				GCC_WARN_64_TO_32_BIT_CONVERSION = YES;
				GCC_WARN_ABOUT_RETURN_TYPE = YES_ERROR;
				GCC_WARN_UNDECLARED_SELECTOR = YES;
				GCC_WARN_UNINITIALIZED_AUTOS = YES_AGGRESSIVE;
				GCC_WARN_UNUSED_FUNCTION = YES;
				GCC_WARN_UNUSED_VARIABLE = YES;
				IPHONEOS_DEPLOYMENT_TARGET = 7.0;
				MTL_ENABLE_DEBUG_INFO = YES;
				ONLY_ACTIVE_ARCH = YES;
				SDKROOT = iphoneos;
			};
			name = Debug;
		};
		0ADB3A911AB4DB6500CF0CF9 /* Release */ = {
			isa = XCBuildConfiguration;
			buildSettings = {
				ALWAYS_SEARCH_USER_PATHS = NO;
				CLANG_CXX_LANGUAGE_STANDARD = "gnu++0x";
				CLANG_CXX_LIBRARY = "libc++";
				CLANG_ENABLE_MODULES = YES;
				CLANG_ENABLE_OBJC_ARC = YES;
				CLANG_WARN_BOOL_CONVERSION = YES;
				CLANG_WARN_CONSTANT_CONVERSION = YES;
				CLANG_WARN_DIRECT_OBJC_ISA_USAGE = YES_ERROR;
				CLANG_WARN_EMPTY_BODY = YES;
				CLANG_WARN_ENUM_CONVERSION = YES;
				CLANG_WARN_INT_CONVERSION = YES;
				CLANG_WARN_OBJC_ROOT_CLASS = YES_ERROR;
				CLANG_WARN_UNREACHABLE_CODE = YES;
				CLANG_WARN__DUPLICATE_METHOD_MATCH = YES;
				"CODE_SIGN_IDENTITY[sdk=iphoneos*]" = "iPhone Developer";
				COPY_PHASE_STRIP = NO;
				ENABLE_NS_ASSERTIONS = NO;
				ENABLE_STRICT_OBJC_MSGSEND = YES;
				GCC_C_LANGUAGE_STANDARD = gnu99;
				GCC_WARN_64_TO_32_BIT_CONVERSION = YES;
				GCC_WARN_ABOUT_RETURN_TYPE = YES_ERROR;
				GCC_WARN_UNDECLARED_SELECTOR = YES;
				GCC_WARN_UNINITIALIZED_AUTOS = YES_AGGRESSIVE;
				GCC_WARN_UNUSED_FUNCTION = YES;
				GCC_WARN_UNUSED_VARIABLE = YES;
				IPHONEOS_DEPLOYMENT_TARGET = 7.0;
				MTL_ENABLE_DEBUG_INFO = NO;
				SDKROOT = iphoneos;
				VALIDATE_PRODUCT = YES;
			};
			name = Release;
		};
		0ADB3A931AB4DB6500CF0CF9 /* Debug */ = {
			isa = XCBuildConfiguration;
			buildSettings = {
				ASSETCATALOG_COMPILER_APPICON_NAME = AppIcon;
				CODE_SIGN_IDENTITY = "iPhone Developer";
				"CODE_SIGN_IDENTITY[sdk=iphoneos*]" = "iPhone Developer";
				GCC_INCREASE_PRECOMPILED_HEADER_SHARING = NO;
				GCC_PRECOMPILE_PREFIX_HEADER = NO;
				INFOPLIST_FILE = "Project CloudPlay/Info.plist";
				IPHONEOS_DEPLOYMENT_TARGET = 7.0;
				LD_RUNPATH_SEARCH_PATHS = "$(inherited) @executable_path/Frameworks";
				PRODUCT_NAME = "$(TARGET_NAME)";
				PROVISIONING_PROFILE = "";
				SDKROOT = iphoneos;
			};
			name = Debug;
		};
		0ADB3A941AB4DB6500CF0CF9 /* Release */ = {
			isa = XCBuildConfiguration;
			buildSettings = {
				ASSETCATALOG_COMPILER_APPICON_NAME = AppIcon;
				CODE_SIGN_IDENTITY = "iPhone Developer";
				"CODE_SIGN_IDENTITY[sdk=iphoneos*]" = "iPhone Developer";
				GCC_INCREASE_PRECOMPILED_HEADER_SHARING = NO;
				GCC_PRECOMPILE_PREFIX_HEADER = NO;
				INFOPLIST_FILE = "Project CloudPlay/Info.plist";
				IPHONEOS_DEPLOYMENT_TARGET = 7.0;
				LD_RUNPATH_SEARCH_PATHS = "$(inherited) @executable_path/Frameworks";
				PRODUCT_NAME = "$(TARGET_NAME)";
				PROVISIONING_PROFILE = "";
				SDKROOT = iphoneos;
			};
			name = Release;
		};
		0ADB3A961AB4DB6500CF0CF9 /* Debug */ = {
			isa = XCBuildConfiguration;
			buildSettings = {
				BUNDLE_LOADER = "$(TEST_HOST)";
				FRAMEWORK_SEARCH_PATHS = (
					"$(SDKROOT)/Developer/Library/Frameworks",
					"$(inherited)",
				);
				GCC_PREPROCESSOR_DEFINITIONS = (
					"DEBUG=1",
					"$(inherited)",
				);
				INFOPLIST_FILE = "Project CloudPlayTests/Info.plist";
				LD_RUNPATH_SEARCH_PATHS = "$(inherited) @executable_path/Frameworks @loader_path/Frameworks";
				PRODUCT_NAME = "$(TARGET_NAME)";
				TEST_HOST = "$(BUILT_PRODUCTS_DIR)/Project CloudPlay.app/Project CloudPlay";
			};
			name = Debug;
		};
		0ADB3A971AB4DB6500CF0CF9 /* Release */ = {
			isa = XCBuildConfiguration;
			buildSettings = {
				BUNDLE_LOADER = "$(TEST_HOST)";
				FRAMEWORK_SEARCH_PATHS = (
					"$(SDKROOT)/Developer/Library/Frameworks",
					"$(inherited)",
				);
				INFOPLIST_FILE = "Project CloudPlayTests/Info.plist";
				LD_RUNPATH_SEARCH_PATHS = "$(inherited) @executable_path/Frameworks @loader_path/Frameworks";
				PRODUCT_NAME = "$(TARGET_NAME)";
				TEST_HOST = "$(BUILT_PRODUCTS_DIR)/Project CloudPlay.app/Project CloudPlay";
			};
			name = Release;
		};
/* End XCBuildConfiguration section */

/* Begin XCConfigurationList section */
		0ADB3A6A1AB4DB6400CF0CF9 /* Build configuration list for PBXProject "Project CloudPlay" */ = {
			isa = XCConfigurationList;
			buildConfigurations = (
				0ADB3A901AB4DB6500CF0CF9 /* Debug */,
				0ADB3A911AB4DB6500CF0CF9 /* Release */,
			);
			defaultConfigurationIsVisible = 0;
			defaultConfigurationName = Release;
		};
		0ADB3A921AB4DB6500CF0CF9 /* Build configuration list for PBXNativeTarget "Project CloudPlay" */ = {
			isa = XCConfigurationList;
			buildConfigurations = (
				0ADB3A931AB4DB6500CF0CF9 /* Debug */,
				0ADB3A941AB4DB6500CF0CF9 /* Release */,
			);
			defaultConfigurationIsVisible = 0;
			defaultConfigurationName = Release;
		};
		0ADB3A951AB4DB6500CF0CF9 /* Build configuration list for PBXNativeTarget "Project CloudPlayTests" */ = {
			isa = XCConfigurationList;
			buildConfigurations = (
				0ADB3A961AB4DB6500CF0CF9 /* Debug */,
				0ADB3A971AB4DB6500CF0CF9 /* Release */,
			);
			defaultConfigurationIsVisible = 0;
			defaultConfigurationName = Release;
		};
/* End XCConfigurationList section */
	};
	rootObject = 0ADB3A671AB4DB6400CF0CF9 /* Project object */;
}
